<Project xmlns="http://schemas.microsoft.com/developer/msbuild/2003">
    <PropertyGroup>
        <ProjectGuid>{22065DEC-68BF-4A72-93F5-895527FA722B}</ProjectGuid>
        <MainSource>KRCommon.dpk</MainSource>
        <ProjectVersion>15.4</ProjectVersion>
        <FrameworkType>VCL</FrameworkType>
        <Base>True</Base>
        <Config Condition="'$(Config)'==''">Release</Config>
        <Platform Condition="'$(Platform)'==''">Win32</Platform>
        <TargetedPlatforms>1</TargetedPlatforms>
        <AppType>Package</AppType>
    </PropertyGroup>
    <PropertyGroup Condition="'$(Config)'=='Base' or '$(Base)'!=''">
        <Base>true</Base>
    </PropertyGroup>
    <PropertyGroup Condition="('$(Platform)'=='Win32' and '$(Base)'=='true') or '$(Base_Win32)'!=''">
        <Base_Win32>true</Base_Win32>
        <CfgParent>Base</CfgParent>
        <Base>true</Base>
    </PropertyGroup>
    <PropertyGroup Condition="'$(Config)'=='Debug' or '$(Cfg_1)'!=''">
        <Cfg_1>true</Cfg_1>
        <CfgParent>Base</CfgParent>
        <Base>true</Base>
    </PropertyGroup>
    <PropertyGroup Condition="('$(Platform)'=='Win32' and '$(Cfg_1)'=='true') or '$(Cfg_1_Win32)'!=''">
        <Cfg_1_Win32>true</Cfg_1_Win32>
        <CfgParent>Cfg_1</CfgParent>
        <Cfg_1>true</Cfg_1>
        <Base>true</Base>
    </PropertyGroup>
    <PropertyGroup Condition="'$(Config)'=='Release' or '$(Cfg_2)'!=''">
        <Cfg_2>true</Cfg_2>
        <CfgParent>Base</CfgParent>
        <Base>true</Base>
    </PropertyGroup>
    <PropertyGroup Condition="('$(Platform)'=='Win32' and '$(Cfg_2)'=='true') or '$(Cfg_2_Win32)'!=''">
        <Cfg_2_Win32>true</Cfg_2_Win32>
        <CfgParent>Cfg_2</CfgParent>
        <Cfg_2>true</Cfg_2>
        <Base>true</Base>
    </PropertyGroup>
    <PropertyGroup Condition="'$(Base)'!=''">
        <SanitizedProjectName>KRCommon</SanitizedProjectName>
        <DCC_UnitSearchPath>..\..\$(Config)\$(ProductVersion)\$(Platform);..\..\dfm;..\..\Resources;$(DCC_UnitSearchPath)</DCC_UnitSearchPath>
        <DCC_Description>KRCommon</DCC_Description>
        <VerInfo_Locale>1049</VerInfo_Locale>
        <DCC_Namespace>System;Xml;Data;Datasnap;Web;Soap;Vcl;Vcl.Imaging;Vcl.Touch;Vcl.Samples;Vcl.Shell;$(DCC_Namespace)</DCC_Namespace>
        <DllSuffix>200</DllSuffix>
        <GenDll>true</GenDll>
        <DCC_CBuilderOutput>All</DCC_CBuilderOutput>
        <VerInfo_Keys>CompanyName=;FileDescription=;FileVersion=1.0.0.0;InternalName=;LegalCopyright=;LegalTrademarks=;OriginalFilename=;ProductName=;ProductVersion=1.0.0.0;Comments=</VerInfo_Keys>
        <DCC_DcpOutput>..\..\$(Config)\$(ProductVersion)\$(Platform)</DCC_DcpOutput>
        <GenPackage>true</GenPackage>
        <DCC_DcuOutput>..\..\$(Config)\$(ProductVersion)\$(Platform)</DCC_DcuOutput>
        <DCC_ExeOutput>.\$(Platform)\$(Config)</DCC_ExeOutput>
        <DCC_E>false</DCC_E>
        <DCC_N>false</DCC_N>
        <DCC_S>false</DCC_S>
        <DCC_F>false</DCC_F>
        <DCC_K>false</DCC_K>
    </PropertyGroup>
    <PropertyGroup Condition="'$(Base_Win32)'!=''">
        <DCC_UsePackage>rtl;IndySystem;IndyProtocols;IndyCore;$(DCC_UsePackage)</DCC_UsePackage>
        <VerInfo_Locale>1033</VerInfo_Locale>
        <DCC_Namespace>Winapi;System.Win;Data.Win;Datasnap.Win;Web.Win;Soap.Win;Xml.Win;Bde;$(DCC_Namespace)</DCC_Namespace>
        <VerInfo_Keys>CompanyName=;FileDescription=;FileVersion=1.0.0.0;InternalName=;LegalCopyright=;LegalTrademarks=;OriginalFilename=;ProductName=;ProductVersion=1.0.0.0;Comments=</VerInfo_Keys>
        <VerInfo_IncludeVerInfo>true</VerInfo_IncludeVerInfo>
    </PropertyGroup>
    <PropertyGroup Condition="'$(Cfg_1)'!=''">
        <DCC_Define>DEBUG;$(DCC_Define)</DCC_Define>
        <DCC_DebugDCUs>true</DCC_DebugDCUs>
        <DCC_Optimize>false</DCC_Optimize>
        <DCC_GenerateStackFrames>true</DCC_GenerateStackFrames>
        <DCC_DebugInfoInExe>true</DCC_DebugInfoInExe>
        <DCC_RemoteDebug>true</DCC_RemoteDebug>
    </PropertyGroup>
    <PropertyGroup Condition="'$(Cfg_1_Win32)'!=''">
        <DCC_RemoteDebug>false</DCC_RemoteDebug>
    </PropertyGroup>
    <PropertyGroup Condition="'$(Cfg_2)'!=''">
        <DCC_LocalDebugSymbols>false</DCC_LocalDebugSymbols>
        <DCC_Define>RELEASE;$(DCC_Define)</DCC_Define>
    </PropertyGroup>
    <PropertyGroup Condition="'$(Cfg_2_Win32)'!=''">
        <VerInfo_Locale>1033</VerInfo_Locale>
        <VerInfo_IncludeVerInfo>true</VerInfo_IncludeVerInfo>
    </PropertyGroup>
    <ItemGroup>
        <DelphiCompile Include="$(MainSource)">
            <MainSource>MainSource</MainSource>
        </DelphiCompile>
        <DCCReference Include="..\..\Common\KRCommon.dcr"/>
        <DCCReference Include="rtl.dcp"/>
        <DCCReference Include="designide.dcp"/>
        <DCCReference Include="IndySystem.dcp"/>
        <DCCReference Include="IndyProtocols.dcp"/>
        <DCCReference Include="IndyCore.dcp"/>
        <DCCReference Include="KRCommonRegister.pas"/>
        <DCCReference Include="..\..\Common\KRBluetooth.pas"/>
        <DCCReference Include="..\..\Common\KRBoundLabel.pas"/>
        <DCCReference Include="..\..\Common\KRCheckBox.pas"/>
        <DCCReference Include="..\..\Common\KRCheckGroupBox.pas"/>
        <DCCReference Include="..\..\Common\KRComboBox.pas"/>
        <DCCReference Include="..\..\Common\KRComponentCollection.pas"/>
        <DCCReference Include="..\..\Common\KRImageList.pas"/>
        <DCCReference Include="..\..\Common\KRIniConfig.pas"/>
        <DCCReference Include="..\..\Common\KRListView.pas"/>
        <DCCReference Include="..\..\Common\KRNormalArray.pas"/>
        <DCCReference Include="..\..\Common\KRProgressBar.pas"/>
        <DCCReference Include="..\..\Common\KRRadioButton.pas"/>
        <DCCReference Include="..\..\Common\KRRichEdit.pas"/>
        <DCCReference Include="..\..\Common\KRThread.pas"/>
        <DCCReference Include="..\..\Common\KRThreadQueue.pas"/>
        <DCCReference Include="..\..\Common\KRTimer.pas"/>
        <DCCReference Include="..\..\Common\KRValueEdit.pas"/>
        <DCCReference Include="..\..\Common\KRVersionInfo.pas"/>
        <DCCReference Include="..\..\Net\KRBTSocketClient.pas"/>
        <DCCReference Include="..\..\Net\KRBTSocketServer.pas"/>
        <DCCReference Include="..\..\Net\KRParser.pas"/>
        <DCCReference Include="..\..\Net\KRParserCfg.pas"/>
        <DCCReference Include="..\..\Net\KRSockets.pas"/>
        <DCCReference Include="..\..\Net\KRTCPSocketClient.pas"/>
        <DCCReference Include="..\..\Net\KRTCPSocketServer.pas"/>
        <DCCReference Include="..\..\Utils\funcs.pas"/>
        <DCCReference Include="..\..\Utils\KRRuntimeErrors.pas"/>
        <DCCReference Include="..\..\Utils\KRStrUtils.pas"/>
        <DCCReference Include="..\..\Utils\KRTypes.pas"/>
        <DCCReference Include="..\..\Utils\KRWindows.pas"/>
        <DCCReference Include="..\..\Utils\lgop.pas"/>
        <DCCReference Include="..\..\Net\KRUDPSocketServer.pas"/>
        <DCCReference Include="..\..\Common\KRBLEdit.pas"/>
        <DCCReference Include="..\..\Utils\uLkJSON.pas"/>
        <DCCReference Include="..\..\Common\KRThreadEvent.pas"/>
        <DCCReference Include="..\..\Common\KRThreadQueueEvent.pas"/>
        <DCCReference Include="..\..\Common\KRValueEditLng.pas"/>
        <DCCReference Include="..\..\Crypting\KRBase64.pas"/>
        <DCCReference Include="..\..\Crypting\KRBCrypt.pas"/>
        <DCCReference Include="..\..\Crypting\KRCRC.pas"/>
        <DCCReference Include="..\..\Crypting\KRCryptCommon.pas"/>
        <DCCReference Include="..\..\ISO\ISO3166.pas"/>
        <DCCReference Include="..\..\Utils\KRDateTime.pas"/>
        <DCCReference Include="..\..\Utils\KRLogical.pas"/>
        <DCCReference Include="..\..\Utils\KRMsgBox.pas"/>
        <DCCReference Include="..\..\Utils\KRUtils.pas"/>
        <DCCReference Include="..\..\Utils\KRVariants.pas"/>
        <DCCReference Include="..\..\Windows\KRKernel32.pas"/>
        <BuildConfiguration Include="Release">
            <Key>Cfg_2</Key>
            <CfgParent>Base</CfgParent>
        </BuildConfiguration>
        <BuildConfiguration Include="Base">
            <Key>Base</Key>
        </BuildConfiguration>
        <BuildConfiguration Include="Debug">
            <Key>Cfg_1</Key>
            <CfgParent>Base</CfgParent>
        </BuildConfiguration>
    </ItemGroup>
    <ProjectExtensions>
        <Borland.Personality>Delphi.Personality.12</Borland.Personality>
        <Borland.ProjectType>Package</Borland.ProjectType>
        <BorlandProject>
            <Delphi.Personality>
                <Source>
                    <Source Name="MainSource">KRCommon.dpk</Source>
                </Source>
                <Excluded_Packages>
                    <Excluded_Packages Name="$(BDSBIN)\dcloffice2k200.bpl">Microsoft Office 2000 Sample Automation Server Wrapper Components</Excluded_Packages>
                    <Excluded_Packages Name="$(BDSBIN)\dclofficexp200.bpl">Microsoft Office XP Sample Automation Server Wrapper Components</Excluded_Packages>
                    <Excluded_Packages Name="C:\Program Files (x86)\FastReport 5 VCL Standard\LibD20\dclfrxTee20.bpl">(untitled)</Excluded_Packages>
                    <Excluded_Packages Name="C:\Program Files (x86)\FastReport 5 VCL Standard\LibD20\dclfsTee20.bpl">FastScript 1.9 Tee Components</Excluded_Packages>
                    <Excluded_Packages Name="C:\Program Files (x86)\FastReport 5 VCL Standard\LibD20\dclfrxIBX20.bpl">FastReport 5.0 IBX Components</Excluded_Packages>
                    <Excluded_Packages Name="C:\Program Files (x86)\FastReport 5 VCL Standard\LibD20\dclfsIBX20.bpl">FastScript 1.9 IBX Components</Excluded_Packages>
                </Excluded_Packages>
            </Delphi.Personality>
            <Deployment/>
            <Platforms>
                <Platform value="Win32">True</Platform>
            </Platforms>
        </BorlandProject>
        <ProjectFileVersion>12</ProjectFileVersion>
    </ProjectExtensions>
    <Import Project="$(BDS)\Bin\CodeGear.Delphi.Targets" Condition="Exists('$(BDS)\Bin\CodeGear.Delphi.Targets')"/>
    <Import Project="$(APPDATA)\Embarcadero\$(BDSAPPDATABASEDIR)\$(PRODUCTVERSION)\UserTools.proj" Condition="Exists('$(APPDATA)\Embarcadero\$(BDSAPPDATABASEDIR)\$(PRODUCTVERSION)\UserTools.proj')"/>
</Project>
